
Microsoft Visual Studio Solution File, Format Version 12.00
# Visual Studio 15
Project("{FAE04EC0-301F-11D3-BF4B-00C04F79EFBC}") = "DOTween.Modules", "DOTween.Modules.csproj", "{28CCEFD9-0E6C-B0CE-353B-DB5590BFBE47}"
EndProject
Project("{FAE04EC0-301F-11D3-BF4B-00C04F79EFBC}") = "Assembly-CSharp", "Assembly-CSharp.csproj", "{DEE2F81D-E646-914E-37D0-A6CA872D88C0}"
EndProject
Project("{FAE04EC0-301F-11D3-BF4B-00C04F79EFBC}") = "Assembly-CSharp-Editor", "Assembly-CSharp-Editor.csproj", "{86079A72-B866-E915-7AA5-CBFB84C27623}"
EndProject
Global
	GlobalSection(SolutionConfigurationPlatforms) = preSolution
		Debug|Any CPU = Debug|Any CPU
		Release|Any CPU = Release|Any CPU
	EndGlobalSection
	GlobalSection(ProjectConfigurationPlatforms) = postSolution
		{28CCEFD9-0E6C-B0CE-353B-DB5590BFBE47}.Debug|Any CPU.ActiveCfg = Debug|Any CPU
		{28CCEFD9-0E6C-B0CE-353B-DB5590BFBE47}.Debug|Any CPU.Build.0 = Debug|Any CPU
		{28CCEFD9-0E6C-B0CE-353B-DB5590BFBE47}.Release|Any CPU.ActiveCfg = Release|Any CPU
		{28CCEFD9-0E6C-B0CE-353B-DB5590BFBE47}.Release|Any CPU.Build.0 = Release|Any CPU
		{DEE2F81D-E646-914E-37D0-A6CA872D88C0}.Debug|Any CPU.ActiveCfg = Debug|Any CPU
		{DEE2F81D-E646-914E-37D0-A6CA872D88C0}.Debug|Any CPU.Build.0 = Debug|Any CPU
		{DEE2F81D-E646-914E-37D0-A6CA872D88C0}.Release|Any CPU.ActiveCfg = Release|Any CPU
		{DEE2F81D-E646-914E-37D0-A6CA872D88C0}.Release|Any CPU.Build.0 = Release|Any CPU
		{86079A72-B866-E915-7AA5-CBFB84C27623}.Debug|Any CPU.ActiveCfg = Debug|Any CPU
		{86079A72-B866-E915-7AA5-CBFB84C27623}.Debug|Any CPU.Build.0 = Debug|Any CPU
		{86079A72-B866-E915-7AA5-CBFB84C27623}.Release|Any CPU.ActiveCfg = Release|Any CPU
		{86079A72-B866-E915-7AA5-CBFB84C27623}.Release|Any CPU.Build.0 = Release|Any CPU
	EndGlobalSection
	GlobalSection(SolutionProperties) = preSolution
		HideSolutionNode = FALSE
	EndGlobalSection
EndGlobal
